{
  "name": "server",
  "version": "1.0.0",
  "lockfileVersion": 3,
  "requires": true,
  "packages": {
    "": {
      "name": "server",
      "version": "1.0.0",
      "license": "ISC",
      "dependencies": {
        "@feathersjs/feathers": "^5.0.0"
      }
    },
    "node_modules/@feathersjs/commons": {
      "version": "5.0.0",
      "resolved": "https://registry.npmjs.org/@feathersjs/commons/-/commons-5.0.0.tgz",
      "integrity": "sha512-WTUQag+cIhkJ+Y7kS1lEy2T8i2AF7bO2qvIXdKM9jb4d92GCl5ZX2LrAlEgKY2Y8GUqm3EVfYXEqHq9ZUqdI8A==",
      "engines": {
        "node": ">= 12"
      },
      "funding": {
        "type": "github",
        "url": "https://github.com/sponsors/daffl"
      }
    },
    "node_modules/@feathersjs/feathers": {
      "version": "5.0.0",
      "resolved": "https://registry.npmjs.org/@feathersjs/feathers/-/feathers-5.0.0.tgz",
      "integrity": "sha512-21rrKf4jFYEUHxMM/FeBiZODeXERSEMBVLTUbwCX9gtrbEH1okROz/u2piWS4LeYpeptiLu4i+S0xdvUe53H/Q==",
      "dependencies": {
        "@feathersjs/commons": "^5.0.0",
        "@feathersjs/hooks": "^0.8.1",
        "events": "^3.3.0"
      },
      "engines": {
        "node": ">= 12"
      },
      "funding": {
        "type": "github",
        "url": "https://github.com/sponsors/daffl"
      }
    },
    "node_modules/@feathersjs/hooks": {
      "version": "0.8.1",
      "resolved": "https://registry.npmjs.org/@feathersjs/hooks/-/hooks-0.8.1.tgz",
      "integrity": "sha512-q/OGjm2BEhT9cHYYcMZR4YKX4lHyufBJmi5Dz+XRM5YqUuEg9MYtR45CWgDiC1klrd2srNSsdmGNVU1otL4+0Q==",
      "engines": {
        "node": ">= 14"
      }
    },
    "node_modules/events": {
      "version": "3.3.0",
      "resolved": "https://registry.npmjs.org/events/-/events-3.3.0.tgz",
      "integrity": "sha512-mQw+2fkQbALzQ7V0MY0IqdnXNOeTtP4r0lN9z7AAawCXgqea7bDii20AYrIBrFd/Hx0M2Ocz6S111CaFkUcb0Q==",
      "engines": {
        "node": ">=0.8.x"
      }
    }
  }
}
